{
  "version": "5",
  "specifiers": {
    "npm:bedrock-kit@^1.0.1": "1.0.1",
    "npm:comment-parser@*": "1.4.5"
  },
  "npm": {
    "bedrock-kit@1.0.1": {
      "integrity": "sha512-VXGj3XGuIojJtvqMhKhEJO8MBxdsmAs3wMKzgkJD5qAiajfWTbRnApYEZq+JwBnSt1ynN7WVM/beZhFy5AteKQ=="
    },
    "comment-parser@1.4.5": {
      "integrity": "sha512-aRDkn3uyIlCFfk5NUA+VdwMmMsh8JGhc4hapfV4yxymHGQ3BVskMQfoXGpCo5IoBuQ9tS5iiVKhCpTcB4pW4qw=="
    }
  },
  "workspace": {
    "dependencies": [
      "npm:bedrock-kit@^1.0.1",
      "npm:comment-parser@*"
    ]
  }
}
